
Microsoft Visual Studio Solution File, Format Version 12.00
# Visual Studio 14
VisualStudioVersion = 14.0.23107.0
MinimumVisualStudioVersion = 10.0.40219.1
Project("{FAE04EC0-301F-11D3-BF4B-00C04F79EFBC}") = "AddInformationEmpolye", "AddInformationEmpolye\AddInformationEmpolye.csproj", "{6F1DBD3D-8FA8-453D-AB2C-8965F1D1E2B5}"
EndProject
Project("{FAE04EC0-301F-11D3-BF4B-00C04F79EFBC}") = "L_School", "L_School\L_School.csproj", "{01A5018F-B390-448F-A61F-3921F493E198}"
EndProject
Global
	GlobalSection(SolutionConfigurationPlatforms) = preSolution
		Debug|Any CPU = Debug|Any CPU
		Release|Any CPU = Release|Any CPU
	EndGlobalSection
	GlobalSection(ProjectConfigurationPlatforms) = postSolution
		{6F1DBD3D-8FA8-453D-AB2C-8965F1D1E2B5}.Debug|Any CPU.ActiveCfg = Debug|Any CPU
		{6F1DBD3D-8FA8-453D-AB2C-8965F1D1E2B5}.Debug|Any CPU.Build.0 = Debug|Any CPU
		{6F1DBD3D-8FA8-453D-AB2C-8965F1D1E2B5}.Release|Any CPU.ActiveCfg = Release|Any CPU
		{6F1DBD3D-8FA8-453D-AB2C-8965F1D1E2B5}.Release|Any CPU.Build.0 = Release|Any CPU
		{01A5018F-B390-448F-A61F-3921F493E198}.Debug|Any CPU.ActiveCfg = Debug|Any CPU
		{01A5018F-B390-448F-A61F-3921F493E198}.Debug|Any CPU.Build.0 = Debug|Any CPU
		{01A5018F-B390-448F-A61F-3921F493E198}.Release|Any CPU.ActiveCfg = Release|Any CPU
		{01A5018F-B390-448F-A61F-3921F493E198}.Release|Any CPU.Build.0 = Release|Any CPU
	EndGlobalSection
	GlobalSection(SolutionProperties) = preSolution
		HideSolutionNode = FALSE
	EndGlobalSection
EndGlobal
